// !$*UTF8*$!
{
	archiveVersion = 1;
	classes = {
	};
	objectVersion = 77;
	objects = {

/* Begin PBXBuildFile section */
		05F2098D2F57CBE700E0AE4C /* Supabase in Frameworks */ = {isa = PBXBuildFile; productRef = AABB00022F57000100000002 /* Supabase */; };
		16723FA9829F8F6FE0C26C6E /* repIQActivityLiveActivity.swift in Sources */ = {isa = PBXBuildFile; fileRef = 805A81F6E8EA0CD82A505ADF /* repIQActivityLiveActivity.swift */; };
		37B1F6640D219C43B35A95AB /* repIQActivity.appex in Embed App Extensions */ = {isa = PBXBuildFile; fileRef = A14F1DF956B7F86B4C780FF6 /* repIQActivity.appex */; settings = {ATTRIBUTES = (RemoveHeadersOnCopy, ); }; };
		3F5886C1DA789F6382EA6824 /* repIQActivityBundle.swift in Sources */ = {isa = PBXBuildFile; fileRef = F26AF96E268BE030890FF9D2 /* repIQActivityBundle.swift */; };
		A1A1A1A1B1B1B1B1C1C1C002 /* WorkoutIntentBridge.swift in Sources */ = {isa = PBXBuildFile; fileRef = A1A1A1A1B1B1B1B1C1C1C001 /* WorkoutIntentBridge.swift */; };
		A1A1A1A1B1B1B1B1C1C1C004 /* LogSetIntent.swift in Sources */ = {isa = PBXBuildFile; fileRef = A1A1A1A1B1B1B1B1C1C1C003 /* LogSetIntent.swift */; };
		A1A1A1A1B1B1B1B1C1C1C006 /* SkipRestIntent.swift in Sources */ = {isa = PBXBuildFile; fileRef = A1A1A1A1B1B1B1B1C1C1C005 /* SkipRestIntent.swift */; };
		A1A1A1A1B1B1B1B1C1C1C008 /* AdjustSetIntent.swift in Sources */ = {isa = PBXBuildFile; fileRef = A1A1A1A1B1B1B1B1C1C1C007 /* AdjustSetIntent.swift */; };
		AABB00052F57000100000005 /* MuscleMap in Frameworks */ = {isa = PBXBuildFile; productRef = AABB00042F57000100000004 /* MuscleMap */; };
		C96737C4966F48AD1BF8CD46 /* Foundation.framework in Frameworks */ = {isa = PBXBuildFile; fileRef = 298AABDBB9638BFD05E0E579 /* Foundation.framework */; };
		DC59E30F2C34CFF757CB2BC5 /* WorkoutActivityAttributes.swift in Sources */ = {isa = PBXBuildFile; fileRef = E46F72B954B19179BC1D9A35 /* WorkoutActivityAttributes.swift */; };
/* End PBXBuildFile section */

/* Begin PBXContainerItemProxy section */
		7FF4D894A8282D6B3334A5EF /* PBXContainerItemProxy */ = {
			isa = PBXContainerItemProxy;
			containerPortal = 05F2081D2F56CC0D00E0AE4C /* Project object */;
			proxyType = 1;
			remoteGlobalIDString = 251CA646CCFECD7E029C0377;
			remoteInfo = repIQActivity;
		};
/* End PBXContainerItemProxy section */

/* Begin PBXCopyFilesBuildPhase section */
		0D17CF57034DF72E46AA48A8 /* Embed App Extensions */ = {
			isa = PBXCopyFilesBuildPhase;
			buildActionMask = 2147483647;
			dstPath = "";
			dstSubfolderSpec = 13;
			files = (
				37B1F6640D219C43B35A95AB /* repIQActivity.appex in Embed App Extensions */,
			);
			name = "Embed App Extensions";
			runOnlyForDeploymentPostprocessing = 0;
		};
/* End PBXCopyFilesBuildPhase section */

/* Begin PBXFileReference section */
		05F208252F56CC0D00E0AE4C /* repIQ.app */ = {isa = PBXFileReference; explicitFileType = wrapper.application; includeInIndex = 0; path = repIQ.app; sourceTree = BUILT_PRODUCTS_DIR; };
		298AABDBB9638BFD05E0E579 /* Foundation.framework */ = {isa = PBXFileReference; lastKnownFileType = wrapper.framework; name = Foundation.framework; path = Platforms/iPhoneOS.platform/Developer/SDKs/iPhoneOS18.0.sdk/System/Library/Frameworks/Foundation.framework; sourceTree = DEVELOPER_DIR; };
		805A81F6E8EA0CD82A505ADF /* repIQActivityLiveActivity.swift */ = {isa = PBXFileReference; includeInIndex = 1; lastKnownFileType = sourcecode.swift; path = repIQActivityLiveActivity.swift; sourceTree = "<group>"; };
		A14F1DF956B7F86B4C780FF6 /* repIQActivity.appex */ = {isa = PBXFileReference; explicitFileType = "wrapper.app-extension"; includeInIndex = 0; path = repIQActivity.appex; sourceTree = BUILT_PRODUCTS_DIR; };
		A1A1A1A1B1B1B1B1C1C1C001 /* WorkoutIntentBridge.swift */ = {isa = PBXFileReference; includeInIndex = 1; lastKnownFileType = sourcecode.swift; name = WorkoutIntentBridge.swift; path = ../repIQ/Intents/WorkoutIntentBridge.swift; sourceTree = "<group>"; };
		A1A1A1A1B1B1B1B1C1C1C003 /* LogSetIntent.swift */ = {isa = PBXFileReference; includeInIndex = 1; lastKnownFileType = sourcecode.swift; name = LogSetIntent.swift; path = ../repIQ/Intents/LogSetIntent.swift; sourceTree = "<group>"; };
		A1A1A1A1B1B1B1B1C1C1C005 /* SkipRestIntent.swift */ = {isa = PBXFileReference; includeInIndex = 1; lastKnownFileType = sourcecode.swift; name = SkipRestIntent.swift; path = ../repIQ/Intents/SkipRestIntent.swift; sourceTree = "<group>"; };
		A1A1A1A1B1B1B1B1C1C1C007 /* AdjustSetIntent.swift */ = {isa = PBXFileReference; includeInIndex = 1; lastKnownFileType = sourcecode.swift; name = AdjustSetIntent.swift; path = ../repIQ/Intents/AdjustSetIntent.swift; sourceTree = "<group>"; };
		B64A60A37C4C087306AA9BE4 /* Info.plist */ = {isa = PBXFileReference; includeInIndex = 1; lastKnownFileType = text.plist.xml; path = Info.plist; sourceTree = "<group>"; };
		B9CFDB2158141F72BAD626D9 /* repIQActivity.entitlements */ = {isa = PBXFileReference; includeInIndex = 1; lastKnownFileType = text.plist.entitlements; path = repIQActivity.entitlements; sourceTree = "<group>"; };
		E46F72B954B19179BC1D9A35 /* WorkoutActivityAttributes.swift */ = {isa = PBXFileReference; includeInIndex = 1; lastKnownFileType = sourcecode.swift; name = WorkoutActivityAttributes.swift; path = ../repIQ/Models/WorkoutActivityAttributes.swift; sourceTree = "<group>"; };
		F26AF96E268BE030890FF9D2 /* repIQActivityBundle.swift */ = {isa = PBXFileReference; includeInIndex = 1; lastKnownFileType = sourcecode.swift; path = repIQActivityBundle.swift; sourceTree = "<group>"; };
/* End PBXFileReference section */

/* Begin PBXFileSystemSynchronizedRootGroup section */
		05F208272F56CC0D00E0AE4C /* repIQ */ = {
			isa = PBXFileSystemSynchronizedRootGroup;
			path = repIQ;
			sourceTree = "<group>";
		};
/* End PBXFileSystemSynchronizedRootGroup section */

/* Begin PBXFrameworksBuildPhase section */
		05F208222F56CC0D00E0AE4C /* Frameworks */ = {
			isa = PBXFrameworksBuildPhase;
			buildActionMask = 2147483647;
			files = (
				05F2098D2F57CBE700E0AE4C /* Supabase in Frameworks */,
				AABB00052F57000100000005 /* MuscleMap in Frameworks */,
			);
			runOnlyForDeploymentPostprocessing = 0;
		};
		9A1DE9BDB08BA660B5FCA210 /* Frameworks */ = {
			isa = PBXFrameworksBuildPhase;
			buildActionMask = 2147483647;
			files = (
				C96737C4966F48AD1BF8CD46 /* Foundation.framework in Frameworks */,
			);
			runOnlyForDeploymentPostprocessing = 0;
		};
/* End PBXFrameworksBuildPhase section */

/* Begin PBXGroup section */
		04473250CD4C8CA46BFEC21F /* Frameworks */ = {
			isa = PBXGroup;
			children = (
				0A7C47BBC373DB5E139D3DE1 /* iOS */,
			);
			name = Frameworks;
			sourceTree = "<group>";
		};
		05F2081C2F56CC0D00E0AE4C = {
			isa = PBXGroup;
			children = (
				05F208272F56CC0D00E0AE4C /* repIQ */,
				05F208262F56CC0D00E0AE4C /* Products */,
				04473250CD4C8CA46BFEC21F /* Frameworks */,
				4A47B28E97936E5D18523BF4 /* repIQActivity */,
			);
			sourceTree = "<group>";
		};
		05F208262F56CC0D00E0AE4C /* Products */ = {
			isa = PBXGroup;
			children = (
				05F208252F56CC0D00E0AE4C /* repIQ.app */,
				A14F1DF956B7F86B4C780FF6 /* repIQActivity.appex */,
			);
			name = Products;
			sourceTree = "<group>";
		};
		0A7C47BBC373DB5E139D3DE1 /* iOS */ = {
			isa = PBXGroup;
			children = (
				298AABDBB9638BFD05E0E579 /* Foundation.framework */,
			);
			name = iOS;
			sourceTree = "<group>";
		};
		4A47B28E97936E5D18523BF4 /* repIQActivity */ = {
			isa = PBXGroup;
			children = (
				F26AF96E268BE030890FF9D2 /* repIQActivityBundle.swift */,
				805A81F6E8EA0CD82A505ADF /* repIQActivityLiveActivity.swift */,
				B64A60A37C4C087306AA9BE4 /* Info.plist */,
				B9CFDB2158141F72BAD626D9 /* repIQActivity.entitlements */,
				E46F72B954B19179BC1D9A35 /* WorkoutActivityAttributes.swift */,
				A1A1A1A1B1B1B1B1C1C1C001 /* WorkoutIntentBridge.swift */,
				A1A1A1A1B1B1B1B1C1C1C003 /* LogSetIntent.swift */,
				A1A1A1A1B1B1B1B1C1C1C005 /* SkipRestIntent.swift */,
				A1A1A1A1B1B1B1B1C1C1C007 /* AdjustSetIntent.swift */,
			);
			path = repIQActivity;
			sourceTree = "<group>";
		};
/* End PBXGroup section */

/* Begin PBXNativeTarget section */
		05F208242F56CC0D00E0AE4C /* repIQ */ = {
			isa = PBXNativeTarget;
			buildConfigurationList = 05F208302F56CC0E00E0AE4C /* Build configuration list for PBXNativeTarget "repIQ" */;
			buildPhases = (
				05F208212F56CC0D00E0AE4C /* Sources */,
				05F208222F56CC0D00E0AE4C /* Frameworks */,
				05F208232F56CC0D00E0AE4C /* Resources */,
				0D17CF57034DF72E46AA48A8 /* Embed App Extensions */,
			);
			buildRules = (
			);
			dependencies = (
				2D237E45B04F4EF6B6F5EB07 /* PBXTargetDependency */,
			);
			fileSystemSynchronizedGroups = (
				05F208272F56CC0D00E0AE4C /* repIQ */,
			);
			name = repIQ;
			packageProductDependencies = (
				AABB00022F57000100000002 /* Supabase */,
				AABB00042F57000100000004 /* MuscleMap */,
			);
			productName = repIQ;
			productReference = 05F208252F56CC0D00E0AE4C /* repIQ.app */;
			productType = "com.apple.product-type.application";
		};
		251CA646CCFECD7E029C0377 /* repIQActivity */ = {
			isa = PBXNativeTarget;
			buildConfigurationList = 68B82C9BB4DB6DFB4818C800 /* Build configuration list for PBXNativeTarget "repIQActivity" */;
			buildPhases = (
				4C132331D8A823B7ABA78D5A /* Sources */,
				9A1DE9BDB08BA660B5FCA210 /* Frameworks */,
				6338D165F1FAF5D8EA564259 /* Resources */,
			);
			buildRules = (
			);
			dependencies = (
			);
			name = repIQActivity;
			productName = repIQActivity;
			productReference = A14F1DF956B7F86B4C780FF6 /* repIQActivity.appex */;
			productType = "com.apple.product-type.app-extension";
		};
/* End PBXNativeTarget section */

/* Begin PBXProject section */
		05F2081D2F56CC0D00E0AE4C /* Project object */ = {
			isa = PBXProject;
			attributes = {
				BuildIndependentTargetsInParallel = 1;
				LastSwiftUpdateCheck = 2620;
				LastUpgradeCheck = 2620;
				TargetAttributes = {
					05F208242F56CC0D00E0AE4C = {
						CreatedOnToolsVersion = 26.2;
					};
				};
			};
			buildConfigurationList = 05F208202F56CC0D00E0AE4C /* Build configuration list for PBXProject "repIQ" */;
			developmentRegion = en;
			hasScannedForEncodings = 0;
			knownRegions = (
				en,
				Base,
			);
			mainGroup = 05F2081C2F56CC0D00E0AE4C;
			minimizedProjectReferenceProxies = 1;
			packageReferences = (
				AABB00012F57000100000001 /* XCRemoteSwiftPackageReference "supabase-swift" */,
				AABB00032F57000100000003 /* XCRemoteSwiftPackageReference "MuscleMap" */,
			);
			preferredProjectObjectVersion = 77;
			productRefGroup = 05F208262F56CC0D00E0AE4C /* Products */;
			projectDirPath = "";
			projectRoot = "";
			targets = (
				05F208242F56CC0D00E0AE4C /* repIQ */,
				251CA646CCFECD7E029C0377 /* repIQActivity */,
			);
		};
/* End PBXProject section */

/* Begin PBXResourcesBuildPhase section */
		05F208232F56CC0D00E0AE4C /* Resources */ = {
			isa = PBXResourcesBuildPhase;
			buildActionMask = 2147483647;
			files = (
			);
			runOnlyForDeploymentPostprocessing = 0;
		};
		6338D165F1FAF5D8EA564259 /* Resources */ = {
			isa = PBXResourcesBuildPhase;
			buildActionMask = 2147483647;
			files = (
			);
			runOnlyForDeploymentPostprocessing = 0;
		};
/* End PBXResourcesBuildPhase section */

/* Begin PBXSourcesBuildPhase section */
		05F208212F56CC0D00E0AE4C /* Sources */ = {
			isa = PBXSourcesBuildPhase;
			buildActionMask = 2147483647;
			files = (
			);
			runOnlyForDeploymentPostprocessing = 0;
		};
		4C132331D8A823B7ABA78D5A /* Sources */ = {
			isa = PBXSourcesBuildPhase;
			buildActionMask = 2147483647;
			files = (
				3F5886C1DA789F6382EA6824 /* repIQActivityBundle.swift in Sources */,
				16723FA9829F8F6FE0C26C6E /* repIQActivityLiveActivity.swift in Sources */,
				DC59E30F2C34CFF757CB2BC5 /* WorkoutActivityAttributes.swift in Sources */,
				A1A1A1A1B1B1B1B1C1C1C002 /* WorkoutIntentBridge.swift in Sources */,
				A1A1A1A1B1B1B1B1C1C1C004 /* LogSetIntent.swift in Sources */,
				A1A1A1A1B1B1B1B1C1C1C006 /* SkipRestIntent.swift in Sources */,
				A1A1A1A1B1B1B1B1C1C1C008 /* AdjustSetIntent.swift in Sources */,
			);
			runOnlyForDeploymentPostprocessing = 0;
		};
/* End PBXSourcesBuildPhase section */

/* Begin PBXTargetDependency section */
		2D237E45B04F4EF6B6F5EB07 /* PBXTargetDependency */ = {
			isa = PBXTargetDependency;
			name = repIQActivity;
			target = 251CA646CCFECD7E029C0377 /* repIQActivity */;
			targetProxy = 7FF4D894A8282D6B3334A5EF /* PBXContainerItemProxy */;
		};
/* End PBXTargetDependency section */

/* Begin XCBuildConfiguration section */
		05F2082E2F56CC0E00E0AE4C /* Debug */ = {
			isa = XCBuildConfiguration;
			buildSettings = {
				ALWAYS_SEARCH_USER_PATHS = NO;
				ASSETCATALOG_COMPILER_GENERATE_SWIFT_ASSET_SYMBOL_EXTENSIONS = YES;
				CLANG_ANALYZER_NONNULL = YES;
				CLANG_ANALYZER_NUMBER_OBJECT_CONVERSION = YES_AGGRESSIVE;
				CLANG_CXX_LANGUAGE_STANDARD = "gnu++20";
				CLANG_ENABLE_MODULES = YES;
				CLANG_ENABLE_OBJC_ARC = YES;
				CLANG_ENABLE_OBJC_WEAK = YES;
				CLANG_WARN_BLOCK_CAPTURE_AUTORELEASING = YES;
				CLANG_WARN_BOOL_CONVERSION = YES;
				CLANG_WARN_COMMA = YES;
				CLANG_WARN_CONSTANT_CONVERSION = YES;
				CLANG_WARN_DEPRECATED_OBJC_IMPLEMENTATIONS = YES;
				CLANG_WARN_DIRECT_OBJC_ISA_USAGE = YES_ERROR;
				CLANG_WARN_DOCUMENTATION_COMMENTS = YES;
				CLANG_WARN_EMPTY_BODY = YES;
				CLANG_WARN_ENUM_CONVERSION = YES;
				CLANG_WARN_INFINITE_RECURSION = YES;
				CLANG_WARN_INT_CONVERSION = YES;
				CLANG_WARN_NON_LITERAL_NULL_CONVERSION = YES;
				CLANG_WARN_OBJC_IMPLICIT_RETAIN_SELF = YES;
				CLANG_WARN_OBJC_LITERAL_CONVERSION = YES;
				CLANG_WARN_OBJC_ROOT_CLASS = YES_ERROR;
				CLANG_WARN_QUOTED_INCLUDE_IN_FRAMEWORK_HEADER = YES;
				CLANG_WARN_RANGE_LOOP_ANALYSIS = YES;
				CLANG_WARN_STRICT_PROTOTYPES = YES;
				CLANG_WARN_SUSPICIOUS_MOVE = YES;
				CLANG_WARN_UNGUARDED_AVAILABILITY = YES_AGGRESSIVE;
				CLANG_WARN_UNREACHABLE_CODE = YES;
				CLANG_WARN__DUPLICATE_METHOD_MATCH = YES;
				COPY_PHASE_STRIP = NO;
				DEBUG_INFORMATION_FORMAT = dwarf;
				ENABLE_STRICT_OBJC_MSGSEND = YES;
				ENABLE_TESTABILITY = YES;
				ENABLE_USER_SCRIPT_SANDBOXING = YES;
				GCC_C_LANGUAGE_STANDARD = gnu17;
				GCC_DYNAMIC_NO_PIC = NO;
				GCC_NO_COMMON_BLOCKS = YES;
				GCC_OPTIMIZATION_LEVEL = 0;
				GCC_PREPROCESSOR_DEFINITIONS = (
					"DEBUG=1",
					"$(inherited)",
				);
				GCC_WARN_64_TO_32_BIT_CONVERSION = YES;
				GCC_WARN_ABOUT_RETURN_TYPE = YES_ERROR;
				GCC_WARN_UNDECLARED_SELECTOR = YES;
				GCC_WARN_UNINITIALIZED_AUTOS = YES_AGGRESSIVE;
				GCC_WARN_UNUSED_FUNCTION = YES;
				GCC_WARN_UNUSED_VARIABLE = YES;
				IPHONEOS_DEPLOYMENT_TARGET = 26.2;
				LOCALIZATION_PREFERS_STRING_CATALOGS = YES;
				MTL_ENABLE_DEBUG_INFO = INCLUDE_SOURCE;
				MTL_FAST_MATH = YES;
				ONLY_ACTIVE_ARCH = YES;
				SDKROOT = iphoneos;
				SWIFT_ACTIVE_COMPILATION_CONDITIONS = "DEBUG $(inherited)";
				SWIFT_OPTIMIZATION_LEVEL = "-Onone";
			};
			name = Debug;
		};
		05F2082F2F56CC0E00E0AE4C /* Release */ = {
			isa = XCBuildConfiguration;
			buildSettings = {
				ALWAYS_SEARCH_USER_PATHS = NO;
				ASSETCATALOG_COMPILER_GENERATE_SWIFT_ASSET_SYMBOL_EXTENSIONS = YES;
				CLANG_ANALYZER_NONNULL = YES;
				CLANG_ANALYZER_NUMBER_OBJECT_CONVERSION = YES_AGGRESSIVE;
				CLANG_CXX_LANGUAGE_STANDARD = "gnu++20";
				CLANG_ENABLE_MODULES = YES;
				CLANG_ENABLE_OBJC_ARC = YES;
				CLANG_ENABLE_OBJC_WEAK = YES;
				CLANG_WARN_BLOCK_CAPTURE_AUTORELEASING = YES;
				CLANG_WARN_BOOL_CONVERSION = YES;
				CLANG_WARN_COMMA = YES;
				CLANG_WARN_CONSTANT_CONVERSION = YES;
				CLANG_WARN_DEPRECATED_OBJC_IMPLEMENTATIONS = YES;
				CLANG_WARN_DIRECT_OBJC_ISA_USAGE = YES_ERROR;
				CLANG_WARN_DOCUMENTATION_COMMENTS = YES;
				CLANG_WARN_EMPTY_BODY = YES;
				CLANG_WARN_ENUM_CONVERSION = YES;
				CLANG_WARN_INFINITE_RECURSION = YES;
				CLANG_WARN_INT_CONVERSION = YES;
				CLANG_WARN_NON_LITERAL_NULL_CONVERSION = YES;
				CLANG_WARN_OBJC_IMPLICIT_RETAIN_SELF = YES;
				CLANG_WARN_OBJC_LITERAL_CONVERSION = YES;
				CLANG_WARN_OBJC_ROOT_CLASS = YES_ERROR;
				CLANG_WARN_QUOTED_INCLUDE_IN_FRAMEWORK_HEADER = YES;
				CLANG_WARN_RANGE_LOOP_ANALYSIS = YES;
				CLANG_WARN_STRICT_PROTOTYPES = YES;
				CLANG_WARN_SUSPICIOUS_MOVE = YES;
				CLANG_WARN_UNGUARDED_AVAILABILITY = YES_AGGRESSIVE;
				CLANG_WARN_UNREACHABLE_CODE = YES;
				CLANG_WARN__DUPLICATE_METHOD_MATCH = YES;
				COPY_PHASE_STRIP = NO;
				DEBUG_INFORMATION_FORMAT = "dwarf-with-dsym";
				ENABLE_NS_ASSERTIONS = NO;
				ENABLE_STRICT_OBJC_MSGSEND = YES;
				ENABLE_USER_SCRIPT_SANDBOXING = YES;
				GCC_C_LANGUAGE_STANDARD = gnu17;
				GCC_NO_COMMON_BLOCKS = YES;
				GCC_WARN_64_TO_32_BIT_CONVERSION = YES;
				GCC_WARN_ABOUT_RETURN_TYPE = YES_ERROR;
				GCC_WARN_UNDECLARED_SELECTOR = YES;
				GCC_WARN_UNINITIALIZED_AUTOS = YES_AGGRESSIVE;
				GCC_WARN_UNUSED_FUNCTION = YES;
				GCC_WARN_UNUSED_VARIABLE = YES;
				IPHONEOS_DEPLOYMENT_TARGET = 26.2;
				LOCALIZATION_PREFERS_STRING_CATALOGS = YES;
				MTL_ENABLE_DEBUG_INFO = NO;
				MTL_FAST_MATH = YES;
				SDKROOT = iphoneos;
				SWIFT_COMPILATION_MODE = wholemodule;
				VALIDATE_PRODUCT = YES;
			};
			name = Release;
		};
		05F208312F56CC0E00E0AE4C /* Debug */ = {
			isa = XCBuildConfiguration;
			buildSettings = {
				ASSETCATALOG_COMPILER_APPICON_NAME = AppIcon;
				ASSETCATALOG_COMPILER_GLOBAL_ACCENT_COLOR_NAME = AccentColor;
				CODE_SIGN_ENTITLEMENTS = repIQ/repIQ.entitlements;
				CODE_SIGN_STYLE = Automatic;
				CURRENT_PROJECT_VERSION = 9;
				DEVELOPMENT_TEAM = A6A68RW9W3;
				ENABLE_PREVIEWS = YES;
				GENERATE_INFOPLIST_FILE = NO;
				INFOPLIST_FILE = Info.plist;
				LD_RUNPATH_SEARCH_PATHS = (
					"$(inherited)",
					"@executable_path/Frameworks",
				);
				MARKETING_VERSION = 1.5;
				PRODUCT_BUNDLE_IDENTIFIER = com.repiq.repIQ;
				PRODUCT_NAME = "$(TARGET_NAME)";
				STRING_CATALOG_GENERATE_SYMBOLS = YES;
				SWIFT_APPROACHABLE_CONCURRENCY = YES;
				SWIFT_DEFAULT_ACTOR_ISOLATION = MainActor;
				SWIFT_EMIT_LOC_STRINGS = YES;
				SWIFT_UPCOMING_FEATURE_MEMBER_IMPORT_VISIBILITY = YES;
				SWIFT_VERSION = 5.0;
				TARGETED_DEVICE_FAMILY = "1,2";
			};
			name = Debug;
		};
		05F208322F56CC0E00E0AE4C /* Release */ = {
			isa = XCBuildConfiguration;
			buildSettings = {
				ASSETCATALOG_COMPILER_APPICON_NAME = AppIcon;
				ASSETCATALOG_COMPILER_GLOBAL_ACCENT_COLOR_NAME = AccentColor;
				CODE_SIGN_ENTITLEMENTS = repIQ/repIQ.entitlements;
				CODE_SIGN_STYLE = Automatic;
				CURRENT_PROJECT_VERSION = 9;
				DEVELOPMENT_TEAM = A6A68RW9W3;
				ENABLE_PREVIEWS = YES;
				GENERATE_INFOPLIST_FILE = NO;
				INFOPLIST_FILE = Info.plist;
				LD_RUNPATH_SEARCH_PATHS = (
					"$(inherited)",
					"@executable_path/Frameworks",
				);
				MARKETING_VERSION = 1.5;
				PRODUCT_BUNDLE_IDENTIFIER = com.repiq.repIQ;
				PRODUCT_NAME = "$(TARGET_NAME)";
				STRING_CATALOG_GENERATE_SYMBOLS = YES;
				SWIFT_APPROACHABLE_CONCURRENCY = YES;
				SWIFT_DEFAULT_ACTOR_ISOLATION = MainActor;
				SWIFT_EMIT_LOC_STRINGS = YES;
				SWIFT_UPCOMING_FEATURE_MEMBER_IMPORT_VISIBILITY = YES;
				SWIFT_VERSION = 5.0;
				TARGETED_DEVICE_FAMILY = "1,2";
			};
			name = Release;
		};
		2ACEA93C0EF35D242AADC286 /* Debug */ = {
			isa = XCBuildConfiguration;
			buildSettings = {
				CLANG_ENABLE_OBJC_WEAK = NO;
				CODE_SIGN_ENTITLEMENTS = repIQActivity/repIQActivity.entitlements;
				CODE_SIGN_STYLE = Automatic;
				CURRENT_PROJECT_VERSION = 9;
				DEVELOPMENT_TEAM = A6A68RW9W3;
				ENABLE_USER_SCRIPT_SANDBOXING = YES;
				GENERATE_INFOPLIST_FILE = NO;
				INFOPLIST_FILE = repIQActivity/Info.plist;
				IPHONEOS_DEPLOYMENT_TARGET = 26.2;
				LD_RUNPATH_SEARCH_PATHS = (
					"$(inherited)",
					"@executable_path/Frameworks",
					"@executable_path/../../Frameworks",
				);
				MARKETING_VERSION = 1.5;
				PRODUCT_BUNDLE_IDENTIFIER = com.repiq.repIQ.repIQActivity;
				PRODUCT_NAME = "$(TARGET_NAME)";
				SDKROOT = iphoneos;
				SKIP_INSTALL = YES;
				SWIFT_EMIT_LOC_STRINGS = YES;
				SWIFT_VERSION = 5.0;
			};
			name = Debug;
		};
		A6817E28D8CE9FF033DDD797 /* Release */ = {
			isa = XCBuildConfiguration;
			buildSettings = {
				CLANG_ENABLE_OBJC_WEAK = NO;
				CODE_SIGN_ENTITLEMENTS = repIQActivity/repIQActivity.entitlements;
				CODE_SIGN_STYLE = Automatic;
				CURRENT_PROJECT_VERSION = 9;
				DEVELOPMENT_TEAM = A6A68RW9W3;
				ENABLE_USER_SCRIPT_SANDBOXING = YES;
				GENERATE_INFOPLIST_FILE = NO;
				INFOPLIST_FILE = repIQActivity/Info.plist;
				IPHONEOS_DEPLOYMENT_TARGET = 26.2;
				LD_RUNPATH_SEARCH_PATHS = (
					"$(inherited)",
					"@executable_path/Frameworks",
					"@executable_path/../../Frameworks",
				);
				MARKETING_VERSION = 1.5;
				PRODUCT_BUNDLE_IDENTIFIER = com.repiq.repIQ.repIQActivity;
				PRODUCT_NAME = "$(TARGET_NAME)";
				SDKROOT = iphoneos;
				SKIP_INSTALL = YES;
				SWIFT_EMIT_LOC_STRINGS = YES;
				SWIFT_VERSION = 5.0;
				VALIDATE_PRODUCT = YES;
			};
			name = Release;
		};
/* End XCBuildConfiguration section */

/* Begin XCConfigurationList section */
		05F208202F56CC0D00E0AE4C /* Build configuration list for PBXProject "repIQ" */ = {
			isa = XCConfigurationList;
			buildConfigurations = (
				05F2082E2F56CC0E00E0AE4C /* Debug */,
				05F2082F2F56CC0E00E0AE4C /* Release */,
			);
			defaultConfigurationIsVisible = 0;
			defaultConfigurationName = Release;
		};
		05F208302F56CC0E00E0AE4C /* Build configuration list for PBXNativeTarget "repIQ" */ = {
			isa = XCConfigurationList;
			buildConfigurations = (
				05F208312F56CC0E00E0AE4C /* Debug */,
				05F208322F56CC0E00E0AE4C /* Release */,
			);
			defaultConfigurationIsVisible = 0;
			defaultConfigurationName = Release;
		};
		68B82C9BB4DB6DFB4818C800 /* Build configuration list for PBXNativeTarget "repIQActivity" */ = {
			isa = XCConfigurationList;
			buildConfigurations = (
				A6817E28D8CE9FF033DDD797 /* Release */,
				2ACEA93C0EF35D242AADC286 /* Debug */,
			);
			defaultConfigurationIsVisible = 0;
			defaultConfigurationName = Release;
		};
/* End XCConfigurationList section */

/* Begin XCRemoteSwiftPackageReference section */
		AABB00012F57000100000001 /* XCRemoteSwiftPackageReference "supabase-swift" */ = {
			isa = XCRemoteSwiftPackageReference;
			repositoryURL = "https://github.com/supabase/supabase-swift.git";
			requirement = {
				kind = upToNextMajorVersion;
				minimumVersion = 2.0.0;
			};
		};
		AABB00032F57000100000003 /* XCRemoteSwiftPackageReference "MuscleMap" */ = {
			isa = XCRemoteSwiftPackageReference;
			repositoryURL = "https://github.com/melihcolpan/MuscleMap";
			requirement = {
				kind = upToNextMajorVersion;
				minimumVersion = 1.6.0;
			};
		};
/* End XCRemoteSwiftPackageReference section */

/* Begin XCSwiftPackageProductDependency section */
		AABB00022F57000100000002 /* Supabase */ = {
			isa = XCSwiftPackageProductDependency;
			package = AABB00012F57000100000001 /* XCRemoteSwiftPackageReference "supabase-swift" */;
			productName = Supabase;
		};
		AABB00042F57000100000004 /* MuscleMap */ = {
			isa = XCSwiftPackageProductDependency;
			package = AABB00032F57000100000003 /* XCRemoteSwiftPackageReference "MuscleMap" */;
			productName = MuscleMap;
		};
/* End XCSwiftPackageProductDependency section */
	};
	rootObject = 05F2081D2F56CC0D00E0AE4C /* Project object */;
}
